# @generated - this file is auto-generated by `mise lock` https://mise.jdx.dev/dev-tools/mise-lock.html

[[tools."asdf:mise-plugins/mise-gcloud"]]
version = "581.0.0"
backend = "asdf:mise-plugins/mise-gcloud"

[[tools.bat]]
version = "0.26.1"
backend = "aqua:sharkdp/bat"

[tools.bat."platforms.linux-arm64"]
checksum = "sha256:6369242c584065f195fb20cb36fbd7cb63ae690605bbe89868a7596b596c2c23"
url = "https://github.com/sharkdp/bat/releases/download/v0.26.1/bat-v0.26.1-aarch64-unknown-linux-musl.tar.gz"
url_api = "https://api.github.com/repos/sharkdp/bat/releases/assets/323548153"

[tools.bat."platforms.linux-arm64-musl"]
checksum = "sha256:6369242c584065f195fb20cb36fbd7cb63ae690605bbe89868a7596b596c2c23"
url = "https://github.com/sharkdp/bat/releases/download/v0.26.1/bat-v0.26.1-aarch64-unknown-linux-musl.tar.gz"
url_api = "https://api.github.com/repos/sharkdp/bat/releases/assets/323548153"

[tools.bat."platforms.linux-x64"]
checksum = "sha256:0dcd8ac79732c0d5b136f11f4ee00e581440e16a44eab5b3105b611bbf2cf191"
url = "https://github.com/sharkdp/bat/releases/download/v0.26.1/bat-v0.26.1-x86_64-unknown-linux-musl.tar.gz"
url_api = "https://api.github.com/repos/sharkdp/bat/releases/assets/323549429"

[tools.bat."platforms.linux-x64-baseline"]
checksum = "sha256:0dcd8ac79732c0d5b136f11f4ee00e581440e16a44eab5b3105b611bbf2cf191"
url = "https://github.com/sharkdp/bat/releases/download/v0.26.1/bat-v0.26.1-x86_64-unknown-linux-musl.tar.gz"
url_api = "https://api.github.com/repos/sharkdp/bat/releases/assets/323549429"

[tools.bat."platforms.linux-x64-musl"]
checksum = "sha256:0dcd8ac79732c0d5b136f11f4ee00e581440e16a44eab5b3105b611bbf2cf191"
url = "https://github.com/sharkdp/bat/releases/download/v0.26.1/bat-v0.26.1-x86_64-unknown-linux-musl.tar.gz"
url_api = "https://api.github.com/repos/sharkdp/bat/releases/assets/323549429"

[tools.bat."platforms.linux-x64-musl-baseline"]
checksum = "sha256:0dcd8ac79732c0d5b136f11f4ee00e581440e16a44eab5b3105b611bbf2cf191"
url = "https://github.com/sharkdp/bat/releases/download/v0.26.1/bat-v0.26.1-x86_64-unknown-linux-musl.tar.gz"
url_api = "https://api.github.com/repos/sharkdp/bat/releases/assets/323549429"

[tools.bat."platforms.macos-arm64"]
checksum = "sha256:e30beff26779c9bf60bb541e1d79046250cb74378f2757f8eb250afddb19e114"
url = "https://github.com/sharkdp/bat/releases/download/v0.26.1/bat-v0.26.1-aarch64-apple-darwin.tar.gz"
url_api = "https://api.github.com/repos/sharkdp/bat/releases/assets/323548442"

[tools.bat."platforms.macos-x64"]
checksum = "sha256:830d63b0bba1fa040542ec569e3cf77f60d3356b9de75116a344b061e0894245"
url = "https://github.com/sharkdp/bat/releases/download/v0.26.1/bat-v0.26.1-x86_64-apple-darwin.tar.gz"
url_api = "https://api.github.com/repos/sharkdp/bat/releases/assets/323549786"

[tools.bat."platforms.macos-x64-baseline"]
checksum = "sha256:830d63b0bba1fa040542ec569e3cf77f60d3356b9de75116a344b061e0894245"
url = "https://github.com/sharkdp/bat/releases/download/v0.26.1/bat-v0.26.1-x86_64-apple-darwin.tar.gz"
url_api = "https://api.github.com/repos/sharkdp/bat/releases/assets/323549786"

[tools.bat."platforms.windows-x64"]
checksum = "sha256:0f729b4b6f5f28d395c641eacc2e9ff68d0096b85aa0eec344aa62425144b69b"
url = "https://github.com/sharkdp/bat/releases/download/v0.26.1/bat-v0.26.1-x86_64-pc-windows-msvc.zip"
url_api = "https://api.github.com/repos/sharkdp/bat/releases/assets/323549116"

[tools.bat."platforms.windows-x64-baseline"]
checksum = "sha256:0f729b4b6f5f28d395c641eacc2e9ff68d0096b85aa0eec344aa62425144b69b"
url = "https://github.com/sharkdp/bat/releases/download/v0.26.1/bat-v0.26.1-x86_64-pc-windows-msvc.zip"
url_api = "https://api.github.com/repos/sharkdp/bat/releases/assets/323549116"

[[tools.bottom]]
version = "0.14.8"
backend = "aqua:ClementTsang/bottom"

[tools.bottom."platforms.linux-arm64"]
checksum = "sha256:cc6ad0527598fb45eff929ac168e0c93eb7c3cd604723876b9df9b487ac10a47"
url = "https://github.com/ClementTsang/bottom/releases/download/0.14.8/bottom_aarch64-unknown-linux-musl.tar.gz"
url_api = "https://api.github.com/repos/ClementTsang/bottom/releases/assets/513309994"
provenance = "github-attestations"

[tools.bottom."platforms.linux-arm64-musl"]
checksum = "sha256:cc6ad0527598fb45eff929ac168e0c93eb7c3cd604723876b9df9b487ac10a47"
url = "https://github.com/ClementTsang/bottom/releases/download/0.14.8/bottom_aarch64-unknown-linux-musl.tar.gz"
url_api = "https://api.github.com/repos/ClementTsang/bottom/releases/assets/513309994"
provenance = "github-attestations"

[tools.bottom."platforms.linux-x64"]
checksum = "sha256:9d071c11a5b5bf266f05aa6519a43ad353330155d3d5627a750572d85ed19f54"
url = "https://github.com/ClementTsang/bottom/releases/download/0.14.8/bottom_x86_64-unknown-linux-musl.tar.gz"
url_api = "https://api.github.com/repos/ClementTsang/bottom/releases/assets/513309984"
provenance = "github-attestations"

[tools.bottom."platforms.linux-x64-baseline"]
checksum = "sha256:9d071c11a5b5bf266f05aa6519a43ad353330155d3d5627a750572d85ed19f54"
url = "https://github.com/ClementTsang/bottom/releases/download/0.14.8/bottom_x86_64-unknown-linux-musl.tar.gz"
url_api = "https://api.github.com/repos/ClementTsang/bottom/releases/assets/513309984"
provenance = "github-attestations"

[tools.bottom."platforms.linux-x64-musl"]
checksum = "sha256:9d071c11a5b5bf266f05aa6519a43ad353330155d3d5627a750572d85ed19f54"
url = "https://github.com/ClementTsang/bottom/releases/download/0.14.8/bottom_x86_64-unknown-linux-musl.tar.gz"
url_api = "https://api.github.com/repos/ClementTsang/bottom/releases/assets/513309984"
provenance = "github-attestations"

[tools.bottom."platforms.linux-x64-musl-baseline"]
checksum = "sha256:9d071c11a5b5bf266f05aa6519a43ad353330155d3d5627a750572d85ed19f54"
url = "https://github.com/ClementTsang/bottom/releases/download/0.14.8/bottom_x86_64-unknown-linux-musl.tar.gz"
url_api = "https://api.github.com/repos/ClementTsang/bottom/releases/assets/513309984"
provenance = "github-attestations"

[tools.bottom."platforms.macos-arm64"]
checksum = "sha256:60138a19944eeb8cb177fea4f4d6d042d3971828de0418b034618d6837d62c1a"
url = "https://github.com/ClementTsang/bottom/releases/download/0.14.8/bottom_aarch64-apple-darwin.tar.gz"
url_api = "https://api.github.com/repos/ClementTsang/bottom/releases/assets/513310009"
provenance = "github-attestations"

[tools.bottom."platforms.macos-x64"]
checksum = "sha256:3d7b137934b4e88ecbed3c6f17d15115ca892863198d21ce890b885c3362ca95"
url = "https://github.com/ClementTsang/bottom/releases/download/0.14.8/bottom_x86_64-apple-darwin.tar.gz"
url_api = "https://api.github.com/repos/ClementTsang/bottom/releases/assets/513309989"
provenance = "github-attestations"

[tools.bottom."platforms.macos-x64-baseline"]
checksum = "sha256:3d7b137934b4e88ecbed3c6f17d15115ca892863198d21ce890b885c3362ca95"
url = "https://github.com/ClementTsang/bottom/releases/download/0.14.8/bottom_x86_64-apple-darwin.tar.gz"
url_api = "https://api.github.com/repos/ClementTsang/bottom/releases/assets/513309989"
provenance = "github-attestations"

[tools.bottom."platforms.windows-x64"]
checksum = "sha256:0592d79736f85933a5b549d14702d6d790f01d543d0f8cdaf98b1d2c1e834464"
url = "https://github.com/ClementTsang/bottom/releases/download/0.14.8/bottom_x86_64-pc-windows-msvc.zip"
url_api = "https://api.github.com/repos/ClementTsang/bottom/releases/assets/513309996"
provenance = "github-attestations"

[tools.bottom."platforms.windows-x64-baseline"]
checksum = "sha256:0592d79736f85933a5b549d14702d6d790f01d543d0f8cdaf98b1d2c1e834464"
url = "https://github.com/ClementTsang/bottom/releases/download/0.14.8/bottom_x86_64-pc-windows-msvc.zip"
url_api = "https://api.github.com/repos/ClementTsang/bottom/releases/assets/513309996"
provenance = "github-attestations"

[[tools.bun]]
version = "1.3.14"
backend = "core:bun"

[tools.bun."platforms.linux-arm64"]
checksum = "sha256:a27ffb63a8310375836e0d6f668ae17fa8d8d18b88c37c821c65331973a19a3b"
url = "https://github.com/oven-sh/bun/releases/download/bun-v1.3.14/bun-linux-aarch64.zip"

[tools.bun."platforms.linux-arm64-musl"]
checksum = "sha256:b98e0ad3625c5c00d1d5b5ff55605c7adddbfae151861e68ade57b2d3b8703bb"
url = "https://github.com/oven-sh/bun/releases/download/bun-v1.3.14/bun-linux-aarch64-musl.zip"

[tools.bun."platforms.linux-x64"]
checksum = "sha256:951ee2aee855f08595aeec6225226a298d3fea83a3dcd6465c09cbccdf7e848f"
url = "https://github.com/oven-sh/bun/releases/download/bun-v1.3.14/bun-linux-x64.zip"

[tools.bun."platforms.linux-x64-baseline"]
checksum = "sha256:a063908ae08b7852ca10939bbdc6ceed3ddabce8fb9402dce83d65d73b36e6c7"
url = "https://github.com/oven-sh/bun/releases/download/bun-v1.3.14/bun-linux-x64-baseline.zip"

[tools.bun."platforms.linux-x64-musl"]
checksum = "sha256:14bd9aedeebf1dba67e8def9531c89bc989ecfdf1de42e5bfcaf1b8cd9294719"
url = "https://github.com/oven-sh/bun/releases/download/bun-v1.3.14/bun-linux-x64-musl.zip"

[tools.bun."platforms.linux-x64-musl-baseline"]
checksum = "sha256:56a7d6806cf155536c0178f0ea5fbd098e684fa509ebdb4fc0a7e19fb65382dc"
url = "https://github.com/oven-sh/bun/releases/download/bun-v1.3.14/bun-linux-x64-musl-baseline.zip"

[tools.bun."platforms.macos-arm64"]
checksum = "sha256:d8b96221828ad6f97ac7ac0ab7e95872341af763001e8803e8267652c2652620"
url = "https://github.com/oven-sh/bun/releases/download/bun-v1.3.14/bun-darwin-aarch64.zip"

[tools.bun."platforms.macos-x64"]
checksum = "sha256:4183df3374623e5bab315c547cfa0974533cd457d86b73b639f7a87974cd6633"
url = "https://github.com/oven-sh/bun/releases/download/bun-v1.3.14/bun-darwin-x64.zip"

[tools.bun."platforms.macos-x64-baseline"]
checksum = "sha256:3e35ad6f53971a9834bf9e6786e2adf72b5f1921cc9a9c5fde073d2972944076"
url = "https://github.com/oven-sh/bun/releases/download/bun-v1.3.14/bun-darwin-x64-baseline.zip"

[tools.bun."platforms.windows-x64"]
checksum = "sha256:0a0620930b6675d7ba440e81f4e0e00d3cfbe096c4b140d3fff02205e9e18922"
url = "https://github.com/oven-sh/bun/releases/download/bun-v1.3.14/bun-windows-x64.zip"

[tools.bun."platforms.windows-x64-baseline"]
checksum = "sha256:538f9c846355d9e847b2671bc00c47da4229a0befb24df3282b739770f3b475f"
url = "https://github.com/oven-sh/bun/releases/download/bun-v1.3.14/bun-windows-x64-baseline.zip"

[[tools."cargo:eza"]]
version = "0.23.5"
backend = "cargo:eza"

[[tools."cargo:tokei"]]
version = "14.0.0"
backend = "cargo:tokei"

[[tools.delta]]
version = "0.19.2"
backend = "aqua:dandavison/delta"

[tools.delta."platforms.linux-arm64"]
checksum = "sha256:0bfce159a5cddd5feb3d6db4a616d883ff51253ce08ac7ec11cb1d208cfaab9e"
url = "https://github.com/dandavison/delta/releases/download/0.19.2/delta-0.19.2-aarch64-unknown-linux-gnu.tar.gz"
url_api = "https://api.github.com/repos/dandavison/delta/releases/assets/383662337"

[tools.delta."platforms.linux-x64"]
checksum = "sha256:f1ea01ca7728ce3462debc359f39dfc7cbbc1a63224b71fefabf92042864aa1b"
url = "https://github.com/dandavison/delta/releases/download/0.19.2/delta-0.19.2-x86_64-unknown-linux-musl.tar.gz"
url_api = "https://api.github.com/repos/dandavison/delta/releases/assets/383662298"

[tools.delta."platforms.linux-x64-baseline"]
checksum = "sha256:f1ea01ca7728ce3462debc359f39dfc7cbbc1a63224b71fefabf92042864aa1b"
url = "https://github.com/dandavison/delta/releases/download/0.19.2/delta-0.19.2-x86_64-unknown-linux-musl.tar.gz"
url_api = "https://api.github.com/repos/dandavison/delta/releases/assets/383662298"

[tools.delta."platforms.linux-x64-musl"]
checksum = "sha256:f1ea01ca7728ce3462debc359f39dfc7cbbc1a63224b71fefabf92042864aa1b"
url = "https://github.com/dandavison/delta/releases/download/0.19.2/delta-0.19.2-x86_64-unknown-linux-musl.tar.gz"
url_api = "https://api.github.com/repos/dandavison/delta/releases/assets/383662298"

[tools.delta."platforms.linux-x64-musl-baseline"]
checksum = "sha256:f1ea01ca7728ce3462debc359f39dfc7cbbc1a63224b71fefabf92042864aa1b"
url = "https://github.com/dandavison/delta/releases/download/0.19.2/delta-0.19.2-x86_64-unknown-linux-musl.tar.gz"
url_api = "https://api.github.com/repos/dandavison/delta/releases/assets/383662298"

[tools.delta."platforms.macos-arm64"]
checksum = "sha256:9be36612a5a13e9e386dc498fb8e50dc87c72ee42b63db0ea05b32f99a72a69a"
url = "https://github.com/dandavison/delta/releases/download/0.19.2/delta-0.19.2-aarch64-apple-darwin.tar.gz"
url_api = "https://api.github.com/repos/dandavison/delta/releases/assets/383662310"

[tools.delta."platforms.windows-x64"]
checksum = "sha256:ac8ebb4a9f1cbee8b9ea897ba119808a244181adae6f3bed1f3b6b923c50b557"
url = "https://github.com/dandavison/delta/releases/download/0.19.2/delta-0.19.2-x86_64-pc-windows-msvc.zip"
url_api = "https://api.github.com/repos/dandavison/delta/releases/assets/383663165"

[tools.delta."platforms.windows-x64-baseline"]
checksum = "sha256:ac8ebb4a9f1cbee8b9ea897ba119808a244181adae6f3bed1f3b6b923c50b557"
url = "https://github.com/dandavison/delta/releases/download/0.19.2/delta-0.19.2-x86_64-pc-windows-msvc.zip"
url_api = "https://api.github.com/repos/dandavison/delta/releases/assets/383663165"

[[tools.deno]]
version = "2.9.5"
backend = "core:deno"

[tools.deno."platforms.linux-arm64"]
checksum = "sha256:6b7cae3a8fc4385a59dea3146fcb8bad7fea4230e0ad36a8c692afacbc254be0"
url = "https://dl.deno.land/release/v2.9.5/deno-aarch64-unknown-linux-gnu.zip"

[tools.deno."platforms.linux-arm64-musl"]
checksum = "sha256:6b7cae3a8fc4385a59dea3146fcb8bad7fea4230e0ad36a8c692afacbc254be0"
url = "https://dl.deno.land/release/v2.9.5/deno-aarch64-unknown-linux-gnu.zip"

[tools.deno."platforms.linux-x64"]
checksum = "sha256:8b010a3b1a4a0188a67cdb8a7a27348b2a501af78aec7fc74f2ace167368d530"
url = "https://dl.deno.land/release/v2.9.5/deno-x86_64-unknown-linux-gnu.zip"

[tools.deno."platforms.linux-x64-baseline"]
checksum = "sha256:8b010a3b1a4a0188a67cdb8a7a27348b2a501af78aec7fc74f2ace167368d530"
url = "https://dl.deno.land/release/v2.9.5/deno-x86_64-unknown-linux-gnu.zip"

[tools.deno."platforms.linux-x64-musl"]
checksum = "sha256:8b010a3b1a4a0188a67cdb8a7a27348b2a501af78aec7fc74f2ace167368d530"
url = "https://dl.deno.land/release/v2.9.5/deno-x86_64-unknown-linux-gnu.zip"

[tools.deno."platforms.linux-x64-musl-baseline"]
checksum = "sha256:8b010a3b1a4a0188a67cdb8a7a27348b2a501af78aec7fc74f2ace167368d530"
url = "https://dl.deno.land/release/v2.9.5/deno-x86_64-unknown-linux-gnu.zip"

[tools.deno."platforms.macos-arm64"]
checksum = "sha256:b796aadd131f6930560c1ee040cf0d6f53933fbb987464e9ff46bd7ea4830615"
url = "https://dl.deno.land/release/v2.9.5/deno-aarch64-apple-darwin.zip"

[tools.deno."platforms.macos-x64"]
checksum = "sha256:c1b8b89a81e91b2a8b3f96def3195d08cfe3a105651da7908d53061f7140510d"
url = "https://dl.deno.land/release/v2.9.5/deno-x86_64-apple-darwin.zip"

[tools.deno."platforms.macos-x64-baseline"]
checksum = "sha256:c1b8b89a81e91b2a8b3f96def3195d08cfe3a105651da7908d53061f7140510d"
url = "https://dl.deno.land/release/v2.9.5/deno-x86_64-apple-darwin.zip"

[tools.deno."platforms.windows-x64"]
checksum = "sha256:171efab55ac6b9881fd53ee4c20f8bf3bb1340ffc618483746909014db12216a"
url = "https://dl.deno.land/release/v2.9.5/deno-x86_64-pc-windows-msvc.zip"

[tools.deno."platforms.windows-x64-baseline"]
checksum = "sha256:171efab55ac6b9881fd53ee4c20f8bf3bb1340ffc618483746909014db12216a"
url = "https://dl.deno.land/release/v2.9.5/deno-x86_64-pc-windows-msvc.zip"

[[tools.dust]]
version = "1.2.4"
backend = "aqua:bootandy/dust"

[tools.dust."platforms.linux-arm64"]
checksum = "sha256:e09b0d24b5da0fa06aecf1561849c13ae41ef055c1ce7077e35e9a46744b16af"
url = "https://github.com/bootandy/dust/releases/download/v1.2.4/dust-v1.2.4-aarch64-unknown-linux-musl.tar.gz"
url_api = "https://api.github.com/repos/bootandy/dust/releases/assets/338101084"

[tools.dust."platforms.linux-arm64-musl"]
checksum = "sha256:e09b0d24b5da0fa06aecf1561849c13ae41ef055c1ce7077e35e9a46744b16af"
url = "https://github.com/bootandy/dust/releases/download/v1.2.4/dust-v1.2.4-aarch64-unknown-linux-musl.tar.gz"
url_api = "https://api.github.com/repos/bootandy/dust/releases/assets/338101084"

[tools.dust."platforms.linux-x64"]
checksum = "sha256:4e313f9f854017e58a2ada4c0d1774677b8cf53d63ab55a991d5871d5f504452"
url = "https://github.com/bootandy/dust/releases/download/v1.2.4/dust-v1.2.4-x86_64-unknown-linux-musl.tar.gz"
url_api = "https://api.github.com/repos/bootandy/dust/releases/assets/338099991"

[tools.dust."platforms.linux-x64-baseline"]
checksum = "sha256:4e313f9f854017e58a2ada4c0d1774677b8cf53d63ab55a991d5871d5f504452"
url = "https://github.com/bootandy/dust/releases/download/v1.2.4/dust-v1.2.4-x86_64-unknown-linux-musl.tar.gz"
url_api = "https://api.github.com/repos/bootandy/dust/releases/assets/338099991"

[tools.dust."platforms.linux-x64-musl"]
checksum = "sha256:4e313f9f854017e58a2ada4c0d1774677b8cf53d63ab55a991d5871d5f504452"
url = "https://github.com/bootandy/dust/releases/download/v1.2.4/dust-v1.2.4-x86_64-unknown-linux-musl.tar.gz"
url_api = "https://api.github.com/repos/bootandy/dust/releases/assets/338099991"

[tools.dust."platforms.linux-x64-musl-baseline"]
checksum = "sha256:4e313f9f854017e58a2ada4c0d1774677b8cf53d63ab55a991d5871d5f504452"
url = "https://github.com/bootandy/dust/releases/download/v1.2.4/dust-v1.2.4-x86_64-unknown-linux-musl.tar.gz"
url_api = "https://api.github.com/repos/bootandy/dust/releases/assets/338099991"

[tools.dust."platforms.macos-arm64"]
checksum = "sha256:bf84d3ff7f58e325d3eb5bb7696df6b22ef1e01fec80c2d8f7c9d3e611be66f4"
url = "https://github.com/bootandy/dust/releases/download/v1.2.4/dust-v1.2.4-x86_64-apple-darwin.tar.gz"
url_api = "https://api.github.com/repos/bootandy/dust/releases/assets/338099240"

[tools.dust."platforms.macos-x64"]
checksum = "sha256:bf84d3ff7f58e325d3eb5bb7696df6b22ef1e01fec80c2d8f7c9d3e611be66f4"
url = "https://github.com/bootandy/dust/releases/download/v1.2.4/dust-v1.2.4-x86_64-apple-darwin.tar.gz"
url_api = "https://api.github.com/repos/bootandy/dust/releases/assets/338099240"

[tools.dust."platforms.macos-x64-baseline"]
checksum = "sha256:bf84d3ff7f58e325d3eb5bb7696df6b22ef1e01fec80c2d8f7c9d3e611be66f4"
url = "https://github.com/bootandy/dust/releases/download/v1.2.4/dust-v1.2.4-x86_64-apple-darwin.tar.gz"
url_api = "https://api.github.com/repos/bootandy/dust/releases/assets/338099240"

[tools.dust."platforms.windows-x64"]
checksum = "sha256:eb08d642f016787bb9fc918a4dc5f34665463657fddf83a40f2441cbf020fb4c"
url = "https://github.com/bootandy/dust/releases/download/v1.2.4/dust-v1.2.4-x86_64-pc-windows-msvc.zip"
url_api = "https://api.github.com/repos/bootandy/dust/releases/assets/338102043"

[tools.dust."platforms.windows-x64-baseline"]
checksum = "sha256:eb08d642f016787bb9fc918a4dc5f34665463657fddf83a40f2441cbf020fb4c"
url = "https://github.com/bootandy/dust/releases/download/v1.2.4/dust-v1.2.4-x86_64-pc-windows-msvc.zip"
url_api = "https://api.github.com/repos/bootandy/dust/releases/assets/338102043"

[[tools.fzf]]
version = "0.74.3"
backend = "aqua:junegunn/fzf"

[tools.fzf."platforms.linux-arm64"]
checksum = "sha256:4a17a17b46bd0c4873e995533de508995c11572c0be0664a5dbcf13f60463046"
url = "https://github.com/junegunn/fzf/releases/download/v0.74.3/fzf-0.74.3-linux_arm64.tar.gz"
url_api = "https://api.github.com/repos/junegunn/fzf/releases/assets/517537065"

[tools.fzf."platforms.linux-arm64-musl"]
checksum = "sha256:4a17a17b46bd0c4873e995533de508995c11572c0be0664a5dbcf13f60463046"
url = "https://github.com/junegunn/fzf/releases/download/v0.74.3/fzf-0.74.3-linux_arm64.tar.gz"
url_api = "https://api.github.com/repos/junegunn/fzf/releases/assets/517537065"

[tools.fzf."platforms.linux-x64"]
checksum = "sha256:3501a595e4b5c40a6b047340a0e8f805c46fd4e61ef95ef8a136ba8c61cf6f22"
url = "https://github.com/junegunn/fzf/releases/download/v0.74.3/fzf-0.74.3-linux_amd64.tar.gz"
url_api = "https://api.github.com/repos/junegunn/fzf/releases/assets/517537066"

[tools.fzf."platforms.linux-x64-baseline"]
checksum = "sha256:3501a595e4b5c40a6b047340a0e8f805c46fd4e61ef95ef8a136ba8c61cf6f22"
url = "https://github.com/junegunn/fzf/releases/download/v0.74.3/fzf-0.74.3-linux_amd64.tar.gz"
url_api = "https://api.github.com/repos/junegunn/fzf/releases/assets/517537066"

[tools.fzf."platforms.linux-x64-musl"]
checksum = "sha256:3501a595e4b5c40a6b047340a0e8f805c46fd4e61ef95ef8a136ba8c61cf6f22"
url = "https://github.com/junegunn/fzf/releases/download/v0.74.3/fzf-0.74.3-linux_amd64.tar.gz"
url_api = "https://api.github.com/repos/junegunn/fzf/releases/assets/517537066"

[tools.fzf."platforms.linux-x64-musl-baseline"]
checksum = "sha256:3501a595e4b5c40a6b047340a0e8f805c46fd4e61ef95ef8a136ba8c61cf6f22"
url = "https://github.com/junegunn/fzf/releases/download/v0.74.3/fzf-0.74.3-linux_amd64.tar.gz"
url_api = "https://api.github.com/repos/junegunn/fzf/releases/assets/517537066"

[tools.fzf."platforms.macos-arm64"]
checksum = "sha256:1f8501cea4f9c0c2d6110d0ff75d0ec9451cd9d7524d9a26244a154ea89f3bd5"
url = "https://github.com/junegunn/fzf/releases/download/v0.74.3/fzf-0.74.3-darwin_arm64.tar.gz"
url_api = "https://api.github.com/repos/junegunn/fzf/releases/assets/517537091"

[tools.fzf."platforms.macos-x64"]
checksum = "sha256:b8a231250eedec244539ade3dc437bcd60e545a099c6cc0c8a11bdbd8574b9bc"
url = "https://github.com/junegunn/fzf/releases/download/v0.74.3/fzf-0.74.3-darwin_amd64.tar.gz"
url_api = "https://api.github.com/repos/junegunn/fzf/releases/assets/517537094"

[tools.fzf."platforms.macos-x64-baseline"]
checksum = "sha256:b8a231250eedec244539ade3dc437bcd60e545a099c6cc0c8a11bdbd8574b9bc"
url = "https://github.com/junegunn/fzf/releases/download/v0.74.3/fzf-0.74.3-darwin_amd64.tar.gz"
url_api = "https://api.github.com/repos/junegunn/fzf/releases/assets/517537094"

[tools.fzf."platforms.windows-x64"]
checksum = "sha256:cf5c137d9b391c3988c54af8f5fc490ffbef6f70444651e7d57fdb45ad04c8bd"
url = "https://github.com/junegunn/fzf/releases/download/v0.74.3/fzf-0.74.3-windows_amd64.zip"
url_api = "https://api.github.com/repos/junegunn/fzf/releases/assets/517537078"

[tools.fzf."platforms.windows-x64-baseline"]
checksum = "sha256:cf5c137d9b391c3988c54af8f5fc490ffbef6f70444651e7d57fdb45ad04c8bd"
url = "https://github.com/junegunn/fzf/releases/download/v0.74.3/fzf-0.74.3-windows_amd64.zip"
url_api = "https://api.github.com/repos/junegunn/fzf/releases/assets/517537078"

[[tools.go]]
version = "1.26.5"
backend = "core:go"

[tools.go."platforms.linux-arm64"]
checksum = "sha256:fe4789e92b1f33358680864bbe8704289e7bb5fc207d80623c308935bd696d49"
url = "https://dl.google.com/go/go1.26.5.linux-arm64.tar.gz"

[tools.go."platforms.linux-arm64-musl"]
checksum = "sha256:fe4789e92b1f33358680864bbe8704289e7bb5fc207d80623c308935bd696d49"
url = "https://dl.google.com/go/go1.26.5.linux-arm64.tar.gz"

[tools.go."platforms.linux-x64"]
checksum = "sha256:5c2c3b16caefa1d968a94c1daca04a7ca301a496d9b086e17ad77bb81393f053"
url = "https://dl.google.com/go/go1.26.5.linux-amd64.tar.gz"

[tools.go."platforms.linux-x64-baseline"]
checksum = "sha256:5c2c3b16caefa1d968a94c1daca04a7ca301a496d9b086e17ad77bb81393f053"
url = "https://dl.google.com/go/go1.26.5.linux-amd64.tar.gz"

[tools.go."platforms.linux-x64-musl"]
checksum = "sha256:5c2c3b16caefa1d968a94c1daca04a7ca301a496d9b086e17ad77bb81393f053"
url = "https://dl.google.com/go/go1.26.5.linux-amd64.tar.gz"

[tools.go."platforms.linux-x64-musl-baseline"]
checksum = "sha256:5c2c3b16caefa1d968a94c1daca04a7ca301a496d9b086e17ad77bb81393f053"
url = "https://dl.google.com/go/go1.26.5.linux-amd64.tar.gz"

[tools.go."platforms.macos-arm64"]
checksum = "sha256:efb87ff28af9a188d0536ef5d42e63dd52ba8263cd7344a993cc48dd11dedb6a"
url = "https://dl.google.com/go/go1.26.5.darwin-arm64.tar.gz"

[tools.go."platforms.macos-x64"]
checksum = "sha256:6231d8d3b8f5552ec6cbf6d685bdd5482e1e703214b120e89b3bf0d7bf1ef725"
url = "https://dl.google.com/go/go1.26.5.darwin-amd64.tar.gz"

[tools.go."platforms.macos-x64-baseline"]
checksum = "sha256:6231d8d3b8f5552ec6cbf6d685bdd5482e1e703214b120e89b3bf0d7bf1ef725"
url = "https://dl.google.com/go/go1.26.5.darwin-amd64.tar.gz"

[tools.go."platforms.windows-x64"]
checksum = "sha256:97e6b2a833b6d89f9ff17d25419ac0a7e3b482a044e9ab18cdef834bd834fd38"
url = "https://dl.google.com/go/go1.26.5.windows-amd64.zip"

[tools.go."platforms.windows-x64-baseline"]
checksum = "sha256:97e6b2a833b6d89f9ff17d25419ac0a7e3b482a044e9ab18cdef834bd834fd38"
url = "https://dl.google.com/go/go1.26.5.windows-amd64.zip"

[[tools."go:golang.org/x/tools/gopls"]]
version = "0.23.0"
backend = "go:golang.org/x/tools/gopls"

[[tools.node]]
version = "24.19.0"
backend = "core:node"

[tools.node."platforms.linux-arm64"]
checksum = "sha256:d28c8a5bf0a808f0ed434a1dce8c54ae98f0371c0bd86ac58abc613f73e6643f"
url = "https://nodejs.org/dist/v24.19.0/node-v24.19.0-linux-arm64.tar.gz"

[tools.node."platforms.linux-arm64-musl"]
checksum = "sha256:20824e4d35948fae5b337dccef47813b04d8995312f59df7386f2256d9f9ab7e"
url = "https://unofficial-builds.nodejs.org/download/release/v24.19.0/node-v24.19.0-linux-arm64-musl.tar.gz"

[tools.node."platforms.linux-x64"]
checksum = "sha256:f625d97cd707df4ff96254916fbc5ff014f09c09effe5a1e0ca8f6d41a8789d4"
url = "https://nodejs.org/dist/v24.19.0/node-v24.19.0-linux-x64.tar.gz"

[tools.node."platforms.linux-x64-baseline"]
checksum = "sha256:f625d97cd707df4ff96254916fbc5ff014f09c09effe5a1e0ca8f6d41a8789d4"
url = "https://nodejs.org/dist/v24.19.0/node-v24.19.0-linux-x64.tar.gz"

[tools.node."platforms.linux-x64-musl"]
checksum = "sha256:c60223786df14a5d23e220ebb8e60318f5322640a62f90e6d9e54d3a18da532e"
url = "https://unofficial-builds.nodejs.org/download/release/v24.19.0/node-v24.19.0-linux-x64-musl.tar.gz"

[tools.node."platforms.linux-x64-musl-baseline"]
checksum = "sha256:c60223786df14a5d23e220ebb8e60318f5322640a62f90e6d9e54d3a18da532e"
url = "https://unofficial-builds.nodejs.org/download/release/v24.19.0/node-v24.19.0-linux-x64-musl.tar.gz"

[tools.node."platforms.macos-arm64"]
checksum = "sha256:8294b7aa9b03997481c06babf1e8b270c859358f27da57a11509afe537ac381d"
url = "https://nodejs.org/dist/v24.19.0/node-v24.19.0-darwin-arm64.tar.gz"

[tools.node."platforms.macos-x64"]
checksum = "sha256:d1b5e999db158c62fe8f7267a4476b035d8bd93b1a605bac24a3f0dd166e3316"
url = "https://nodejs.org/dist/v24.19.0/node-v24.19.0-darwin-x64.tar.gz"

[tools.node."platforms.macos-x64-baseline"]
checksum = "sha256:d1b5e999db158c62fe8f7267a4476b035d8bd93b1a605bac24a3f0dd166e3316"
url = "https://nodejs.org/dist/v24.19.0/node-v24.19.0-darwin-x64.tar.gz"

[tools.node."platforms.windows-x64"]
checksum = "sha256:57f71ab3652e797d84acddc79c81cc9ff1c6ddb2a1974cdb83f00fee9bff4c73"
url = "https://nodejs.org/dist/v24.19.0/node-v24.19.0-win-x64.zip"

[tools.node."platforms.windows-x64-baseline"]
checksum = "sha256:57f71ab3652e797d84acddc79c81cc9ff1c6ddb2a1974cdb83f00fee9bff4c73"
url = "https://nodejs.org/dist/v24.19.0/node-v24.19.0-win-x64.zip"

[[tools."npm:@anthropic-ai/claude-code"]]
version = "2.1.252"
backend = "npm:@anthropic-ai/claude-code"

[tools."npm:@anthropic-ai/claude-code".options]
npm_args = "--ignore-scripts=false"

[[tools."npm:@openai/codex"]]
version = "0.151.0"
backend = "npm:@openai/codex"

[[tools.protoc-gen-go]]
version = "1.36.12"
backend = "aqua:protocolbuffers/protobuf-go/protoc-gen-go"

[tools.protoc-gen-go."platforms.linux-arm64"]
checksum = "sha256:bf385e22e18661b044f7b96ec28384f3f76aa6da10e956b450ffb949306768de"
url = "https://github.com/protocolbuffers/protobuf-go/releases/download/v1.36.12/protoc-gen-go.v1.36.12.linux.arm64.tar.gz"
url_api = "https://api.github.com/repos/protocolbuffers/protobuf-go/releases/assets/508915458"

[tools.protoc-gen-go."platforms.linux-arm64-musl"]
checksum = "sha256:bf385e22e18661b044f7b96ec28384f3f76aa6da10e956b450ffb949306768de"
url = "https://github.com/protocolbuffers/protobuf-go/releases/download/v1.36.12/protoc-gen-go.v1.36.12.linux.arm64.tar.gz"
url_api = "https://api.github.com/repos/protocolbuffers/protobuf-go/releases/assets/508915458"

[tools.protoc-gen-go."platforms.linux-x64"]
checksum = "sha256:14abe70d1557026d3dce6676b7a44d3ada91d79902c71cb075fbb8d315943320"
url = "https://github.com/protocolbuffers/protobuf-go/releases/download/v1.36.12/protoc-gen-go.v1.36.12.linux.amd64.tar.gz"
url_api = "https://api.github.com/repos/protocolbuffers/protobuf-go/releases/assets/508915445"

[tools.protoc-gen-go."platforms.linux-x64-baseline"]
checksum = "sha256:14abe70d1557026d3dce6676b7a44d3ada91d79902c71cb075fbb8d315943320"
url = "https://github.com/protocolbuffers/protobuf-go/releases/download/v1.36.12/protoc-gen-go.v1.36.12.linux.amd64.tar.gz"
url_api = "https://api.github.com/repos/protocolbuffers/protobuf-go/releases/assets/508915445"

[tools.protoc-gen-go."platforms.linux-x64-musl"]
checksum = "sha256:14abe70d1557026d3dce6676b7a44d3ada91d79902c71cb075fbb8d315943320"
url = "https://github.com/protocolbuffers/protobuf-go/releases/download/v1.36.12/protoc-gen-go.v1.36.12.linux.amd64.tar.gz"
url_api = "https://api.github.com/repos/protocolbuffers/protobuf-go/releases/assets/508915445"

[tools.protoc-gen-go."platforms.linux-x64-musl-baseline"]
checksum = "sha256:14abe70d1557026d3dce6676b7a44d3ada91d79902c71cb075fbb8d315943320"
url = "https://github.com/protocolbuffers/protobuf-go/releases/download/v1.36.12/protoc-gen-go.v1.36.12.linux.amd64.tar.gz"
url_api = "https://api.github.com/repos/protocolbuffers/protobuf-go/releases/assets/508915445"

[tools.protoc-gen-go."platforms.macos-arm64"]
checksum = "sha256:951d1d2558bbbc8c6680dcb6d302263fa35302cb6e1fccad297a50d21d827f2b"
url = "https://github.com/protocolbuffers/protobuf-go/releases/download/v1.36.12/protoc-gen-go.v1.36.12.darwin.arm64.tar.gz"
url_api = "https://api.github.com/repos/protocolbuffers/protobuf-go/releases/assets/508915410"

[tools.protoc-gen-go."platforms.macos-x64"]
checksum = "sha256:1df5af4a047a54fb15b1f9c4a174562a692f55cab13e94b8fbf274e766800314"
url = "https://github.com/protocolbuffers/protobuf-go/releases/download/v1.36.12/protoc-gen-go.v1.36.12.darwin.amd64.tar.gz"
url_api = "https://api.github.com/repos/protocolbuffers/protobuf-go/releases/assets/508915393"

[tools.protoc-gen-go."platforms.macos-x64-baseline"]
checksum = "sha256:1df5af4a047a54fb15b1f9c4a174562a692f55cab13e94b8fbf274e766800314"
url = "https://github.com/protocolbuffers/protobuf-go/releases/download/v1.36.12/protoc-gen-go.v1.36.12.darwin.amd64.tar.gz"
url_api = "https://api.github.com/repos/protocolbuffers/protobuf-go/releases/assets/508915393"

[tools.protoc-gen-go."platforms.windows-x64"]
checksum = "sha256:ab2aa2c53df000ad47c6a546e56556d9adb1767e38136f7c9a042e0a1c22793f"
url = "https://github.com/protocolbuffers/protobuf-go/releases/download/v1.36.12/protoc-gen-go.v1.36.12.windows.amd64.zip"
url_api = "https://api.github.com/repos/protocolbuffers/protobuf-go/releases/assets/508915486"

[tools.protoc-gen-go."platforms.windows-x64-baseline"]
checksum = "sha256:ab2aa2c53df000ad47c6a546e56556d9adb1767e38136f7c9a042e0a1c22793f"
url = "https://github.com/protocolbuffers/protobuf-go/releases/download/v1.36.12/protoc-gen-go.v1.36.12.windows.amd64.zip"
url_api = "https://api.github.com/repos/protocolbuffers/protobuf-go/releases/assets/508915486"

[[tools.ripgrep]]
version = "15.2.0"
backend = "aqua:BurntSushi/ripgrep"

[tools.ripgrep."platforms.linux-arm64"]
checksum = "sha256:a740b91c82eaf9914cfedd353572f2791cbe0162c84101ee0951058f4dcbc90d"
url = "https://github.com/BurntSushi/ripgrep/releases/download/15.2.0/ripgrep-15.2.0-aarch64-unknown-linux-gnu.tar.gz"
url_api = "https://api.github.com/repos/BurntSushi/ripgrep/releases/assets/478119579"

[tools.ripgrep."platforms.linux-arm64-musl"]
checksum = "sha256:800b1e7206afe799dfb5a6901f23147cfaabe0e52210538100f61e86e1740915"
url = "https://github.com/BurntSushi/ripgrep/releases/download/15.2.0/ripgrep-15.2.0-aarch64-unknown-linux-musl.tar.gz"
url_api = "https://api.github.com/repos/BurntSushi/ripgrep/releases/assets/478120060"

[tools.ripgrep."platforms.linux-x64"]
checksum = "sha256:33e15bcf1624b25cdd2a55813a47a2f95dbe126268203e76aa6a585d1e7b149c"
url = "https://github.com/BurntSushi/ripgrep/releases/download/15.2.0/ripgrep-15.2.0-x86_64-unknown-linux-musl.tar.gz"
url_api = "https://api.github.com/repos/BurntSushi/ripgrep/releases/assets/478120097"

[tools.ripgrep."platforms.linux-x64-baseline"]
checksum = "sha256:33e15bcf1624b25cdd2a55813a47a2f95dbe126268203e76aa6a585d1e7b149c"
url = "https://github.com/BurntSushi/ripgrep/releases/download/15.2.0/ripgrep-15.2.0-x86_64-unknown-linux-musl.tar.gz"
url_api = "https://api.github.com/repos/BurntSushi/ripgrep/releases/assets/478120097"

[tools.ripgrep."platforms.linux-x64-musl"]
checksum = "sha256:33e15bcf1624b25cdd2a55813a47a2f95dbe126268203e76aa6a585d1e7b149c"
url = "https://github.com/BurntSushi/ripgrep/releases/download/15.2.0/ripgrep-15.2.0-x86_64-unknown-linux-musl.tar.gz"
url_api = "https://api.github.com/repos/BurntSushi/ripgrep/releases/assets/478120097"

[tools.ripgrep."platforms.linux-x64-musl-baseline"]
checksum = "sha256:33e15bcf1624b25cdd2a55813a47a2f95dbe126268203e76aa6a585d1e7b149c"
url = "https://github.com/BurntSushi/ripgrep/releases/download/15.2.0/ripgrep-15.2.0-x86_64-unknown-linux-musl.tar.gz"
url_api = "https://api.github.com/repos/BurntSushi/ripgrep/releases/assets/478120097"

[tools.ripgrep."platforms.macos-arm64"]
checksum = "sha256:3750b2e93f37e0c692657da574d7019a101c0084da05a790c83fd335bad973e4"
url = "https://github.com/BurntSushi/ripgrep/releases/download/15.2.0/ripgrep-15.2.0-aarch64-apple-darwin.tar.gz"
url_api = "https://api.github.com/repos/BurntSushi/ripgrep/releases/assets/478118851"

[tools.ripgrep."platforms.macos-x64"]
checksum = "sha256:af7825fcc69a2afc7a7aea55fc9af90e26421d8f20fe59df32e233c0b8a231c1"
url = "https://github.com/BurntSushi/ripgrep/releases/download/15.2.0/ripgrep-15.2.0-x86_64-apple-darwin.tar.gz"
url_api = "https://api.github.com/repos/BurntSushi/ripgrep/releases/assets/478119585"

[tools.ripgrep."platforms.macos-x64-baseline"]
checksum = "sha256:af7825fcc69a2afc7a7aea55fc9af90e26421d8f20fe59df32e233c0b8a231c1"
url = "https://github.com/BurntSushi/ripgrep/releases/download/15.2.0/ripgrep-15.2.0-x86_64-apple-darwin.tar.gz"
url_api = "https://api.github.com/repos/BurntSushi/ripgrep/releases/assets/478119585"

[tools.ripgrep."platforms.windows-x64"]
checksum = "sha256:71b2fef860abe467217a538ff31de02f5258807c0129f771846f87bd029aafc5"
url = "https://github.com/BurntSushi/ripgrep/releases/download/15.2.0/ripgrep-15.2.0-x86_64-pc-windows-msvc.zip"
url_api = "https://api.github.com/repos/BurntSushi/ripgrep/releases/assets/478119643"

[tools.ripgrep."platforms.windows-x64-baseline"]
checksum = "sha256:71b2fef860abe467217a538ff31de02f5258807c0129f771846f87bd029aafc5"
url = "https://github.com/BurntSushi/ripgrep/releases/download/15.2.0/ripgrep-15.2.0-x86_64-pc-windows-msvc.zip"
url_api = "https://api.github.com/repos/BurntSushi/ripgrep/releases/assets/478119643"

[[tools.rust]]
version = "stable"
backend = "core:rust"

[tools.rust.options]
profile = "minimal"

[[tools.terraform]]
version = "1.15.8"
backend = "aqua:hashicorp/terraform"

[tools.terraform."platforms.linux-arm64"]
checksum = "sha256:8891e9dcedc9e3b8950bc6af9d4d8af1f4cfade3062f53b9dc403a89f6ce8c9c"
url = "https://releases.hashicorp.com/terraform/1.15.8/terraform_1.15.8_linux_arm64.zip"

[tools.terraform."platforms.linux-arm64-musl"]
checksum = "sha256:8891e9dcedc9e3b8950bc6af9d4d8af1f4cfade3062f53b9dc403a89f6ce8c9c"
url = "https://releases.hashicorp.com/terraform/1.15.8/terraform_1.15.8_linux_arm64.zip"

[tools.terraform."platforms.linux-x64"]
checksum = "sha256:d25ce7b6902013ad905db3d2eab0be4cd905887fe88b81a6171b8d5503c31f3d"
url = "https://releases.hashicorp.com/terraform/1.15.8/terraform_1.15.8_linux_amd64.zip"

[tools.terraform."platforms.linux-x64-baseline"]
checksum = "sha256:d25ce7b6902013ad905db3d2eab0be4cd905887fe88b81a6171b8d5503c31f3d"
url = "https://releases.hashicorp.com/terraform/1.15.8/terraform_1.15.8_linux_amd64.zip"

[tools.terraform."platforms.linux-x64-musl"]
checksum = "sha256:d25ce7b6902013ad905db3d2eab0be4cd905887fe88b81a6171b8d5503c31f3d"
url = "https://releases.hashicorp.com/terraform/1.15.8/terraform_1.15.8_linux_amd64.zip"

[tools.terraform."platforms.linux-x64-musl-baseline"]
checksum = "sha256:d25ce7b6902013ad905db3d2eab0be4cd905887fe88b81a6171b8d5503c31f3d"
url = "https://releases.hashicorp.com/terraform/1.15.8/terraform_1.15.8_linux_amd64.zip"

[tools.terraform."platforms.macos-arm64"]
checksum = "sha256:f210110c5698b94d803a7a63cdb0251b5455c150841478808e2bbb343f95ed68"
url = "https://releases.hashicorp.com/terraform/1.15.8/terraform_1.15.8_darwin_arm64.zip"

[tools.terraform."platforms.macos-x64"]
checksum = "sha256:e2e812e783771159bf758fd4e55d6dc9bb08f63e2af2c63d212721807a02c5dc"
url = "https://releases.hashicorp.com/terraform/1.15.8/terraform_1.15.8_darwin_amd64.zip"

[tools.terraform."platforms.macos-x64-baseline"]
checksum = "sha256:e2e812e783771159bf758fd4e55d6dc9bb08f63e2af2c63d212721807a02c5dc"
url = "https://releases.hashicorp.com/terraform/1.15.8/terraform_1.15.8_darwin_amd64.zip"

[tools.terraform."platforms.windows-x64"]
checksum = "sha256:2ff41d2129afb1982733c132c61a8d6ef038f879f3aeede7fc28b8b8b24acf02"
url = "https://releases.hashicorp.com/terraform/1.15.8/terraform_1.15.8_windows_amd64.zip"

[tools.terraform."platforms.windows-x64-baseline"]
checksum = "sha256:2ff41d2129afb1982733c132c61a8d6ef038f879f3aeede7fc28b8b8b24acf02"
url = "https://releases.hashicorp.com/terraform/1.15.8/terraform_1.15.8_windows_amd64.zip"

[[tools.tokei]]
version = "14.0.0"
backend = "cargo:tokei"

[[tools.zoxide]]
version = "0.10.0"
backend = "aqua:ajeetdsouza/zoxide"

[tools.zoxide."platforms.linux-arm64"]
checksum = "sha256:f1f16c5d6298d63dee467eedea1cdcd8490e43e493bea43acd416dc9033ef641"
url = "https://github.com/ajeetdsouza/zoxide/releases/download/v0.10.0/zoxide-0.10.0-aarch64-unknown-linux-musl.tar.gz"
url_api = "https://api.github.com/repos/ajeetdsouza/zoxide/releases/assets/466316402"

[tools.zoxide."platforms.linux-arm64-musl"]
checksum = "sha256:f1f16c5d6298d63dee467eedea1cdcd8490e43e493bea43acd416dc9033ef641"
url = "https://github.com/ajeetdsouza/zoxide/releases/download/v0.10.0/zoxide-0.10.0-aarch64-unknown-linux-musl.tar.gz"
url_api = "https://api.github.com/repos/ajeetdsouza/zoxide/releases/assets/466316402"

[tools.zoxide."platforms.linux-x64"]
checksum = "sha256:2d93385b99f3e82cf2701609a1bffcad863fbeb75aa3fe7eb6be4d29be68b1ae"
url = "https://github.com/ajeetdsouza/zoxide/releases/download/v0.10.0/zoxide-0.10.0-x86_64-unknown-linux-musl.tar.gz"
url_api = "https://api.github.com/repos/ajeetdsouza/zoxide/releases/assets/466316293"

[tools.zoxide."platforms.linux-x64-baseline"]
checksum = "sha256:2d93385b99f3e82cf2701609a1bffcad863fbeb75aa3fe7eb6be4d29be68b1ae"
url = "https://github.com/ajeetdsouza/zoxide/releases/download/v0.10.0/zoxide-0.10.0-x86_64-unknown-linux-musl.tar.gz"
url_api = "https://api.github.com/repos/ajeetdsouza/zoxide/releases/assets/466316293"

[tools.zoxide."platforms.linux-x64-musl"]
checksum = "sha256:2d93385b99f3e82cf2701609a1bffcad863fbeb75aa3fe7eb6be4d29be68b1ae"
url = "https://github.com/ajeetdsouza/zoxide/releases/download/v0.10.0/zoxide-0.10.0-x86_64-unknown-linux-musl.tar.gz"
url_api = "https://api.github.com/repos/ajeetdsouza/zoxide/releases/assets/466316293"

[tools.zoxide."platforms.linux-x64-musl-baseline"]
checksum = "sha256:2d93385b99f3e82cf2701609a1bffcad863fbeb75aa3fe7eb6be4d29be68b1ae"
url = "https://github.com/ajeetdsouza/zoxide/releases/download/v0.10.0/zoxide-0.10.0-x86_64-unknown-linux-musl.tar.gz"
url_api = "https://api.github.com/repos/ajeetdsouza/zoxide/releases/assets/466316293"

[tools.zoxide."platforms.macos-arm64"]
checksum = "sha256:b55ae6f2f5f23d0a6ccb3bd4eeb2af9c7e0a6556e5255c82100e40305129bbb0"
url = "https://github.com/ajeetdsouza/zoxide/releases/download/v0.10.0/zoxide-0.10.0-aarch64-apple-darwin.tar.gz"
url_api = "https://api.github.com/repos/ajeetdsouza/zoxide/releases/assets/466316174"

[tools.zoxide."platforms.macos-x64"]
checksum = "sha256:18ab7ae2633ad6e2ab79a4e665cbba1e95b7c872d44523326efb793202451dad"
url = "https://github.com/ajeetdsouza/zoxide/releases/download/v0.10.0/zoxide-0.10.0-x86_64-apple-darwin.tar.gz"
url_api = "https://api.github.com/repos/ajeetdsouza/zoxide/releases/assets/466316167"

[tools.zoxide."platforms.macos-x64-baseline"]
checksum = "sha256:18ab7ae2633ad6e2ab79a4e665cbba1e95b7c872d44523326efb793202451dad"
url = "https://github.com/ajeetdsouza/zoxide/releases/download/v0.10.0/zoxide-0.10.0-x86_64-apple-darwin.tar.gz"
url_api = "https://api.github.com/repos/ajeetdsouza/zoxide/releases/assets/466316167"

[tools.zoxide."platforms.windows-x64"]
checksum = "sha256:f465ae548f8754c8e7edbc60b45fbf58c92bfe123db83d790252d6810fa5daf1"
url = "https://github.com/ajeetdsouza/zoxide/releases/download/v0.10.0/zoxide-0.10.0-x86_64-pc-windows-msvc.zip"
url_api = "https://api.github.com/repos/ajeetdsouza/zoxide/releases/assets/466316769"

[tools.zoxide."platforms.windows-x64-baseline"]
checksum = "sha256:f465ae548f8754c8e7edbc60b45fbf58c92bfe123db83d790252d6810fa5daf1"
url = "https://github.com/ajeetdsouza/zoxide/releases/download/v0.10.0/zoxide-0.10.0-x86_64-pc-windows-msvc.zip"
url_api = "https://api.github.com/repos/ajeetdsouza/zoxide/releases/assets/466316769"
